{
  "name": "semidata-browser-parser-prototype",
  "lockfileVersion": 3,
  "requires": true,
  "packages": {
    "": {
      "name": "semidata-browser-parser-prototype",
      "dependencies": {
        "@sqlite.org/sqlite-wasm": "3.53.4-build1"
      },
      "devDependencies": {
        "playwright-core": "1.63.0"
      }
    },
    "node_modules/@sqlite.org/sqlite-wasm": {
      "version": "3.53.4-build1",
      "resolved": "https://registry.npmjs.org/@sqlite.org/sqlite-wasm/-/sqlite-wasm-3.53.4-build1.tgz",
      "integrity": "sha512-U8pvL0patYHMgieD8JxxYJTlh9m1LUX8+BDYb7MiKQzBI89f2qbdmdcG/PvnPaLm9wsBbv4VlVG453ixnxBOnA==",
      "license": "Apache-2.0",
      "workspaces": [
        "demos/*"
      ],
      "engines": {
        "node": ">=22"
      }
    },
    "node_modules/playwright-core": {
      "version": "1.63.0",
      "resolved": "https://registry.npmjs.org/playwright-core/-/playwright-core-1.63.0.tgz",
      "integrity": "sha512-rYCsBF/M5HjUch52bbtVONEFjv6Xu8sm8h72dNlR5bzIE1fvC/bxgspzkjSfU+MweEMmPM8KJebG6nnyxo5mCg==",
      "dev": true,
      "license": "Apache-2.0",
      "bin": {
        "playwright-core": "cli.js"
      },
      "engines": {
        "node": ">=20"
      }
    }
  }
}
